
Microsoft Visual Studio Solution File, Format Version 12.00
# Visual Studio Version 17
VisualStudioVersion = 17.8.34330.188
MinimumVisualStudioVersion = 10.0.40219.1
Project("{FAE04EC0-301F-11D3-BF4B-00C04F79EFBC}") = "AzureToDo.Api", "AzureToDo.Api\AzureToDo.Api.csproj", "{A134C614-3F37-423D-BE9C-580C4E15967F}"
EndProject
Project("{FAE04EC0-301F-11D3-BF4B-00C04F79EFBC}") = "AzureToDo.Web", "AzureToDo.Web\AzureToDo.Web.csproj", "{6F951D1E-0566-4FD8-8101-45DAA1777957}"
EndProject
Global
	GlobalSection(SolutionConfigurationPlatforms) = preSolution
		Debug|Any CPU = Debug|Any CPU
		Release|Any CPU = Release|Any CPU
	EndGlobalSection
	GlobalSection(ProjectConfigurationPlatforms) = postSolution
		{A134C614-3F37-423D-BE9C-580C4E15967F}.Debug|Any CPU.ActiveCfg = Debug|Any CPU
		{A134C614-3F37-423D-BE9C-580C4E15967F}.Debug|Any CPU.Build.0 = Debug|Any CPU
		{A134C614-3F37-423D-BE9C-580C4E15967F}.Release|Any CPU.ActiveCfg = Release|Any CPU
		{A134C614-3F37-423D-BE9C-580C4E15967F}.Release|Any CPU.Build.0 = Release|Any CPU
		{6F951D1E-0566-4FD8-8101-45DAA1777957}.Debug|Any CPU.ActiveCfg = Debug|Any CPU
		{6F951D1E-0566-4FD8-8101-45DAA1777957}.Debug|Any CPU.Build.0 = Debug|Any CPU
		{6F951D1E-0566-4FD8-8101-45DAA1777957}.Release|Any CPU.ActiveCfg = Release|Any CPU
		{6F951D1E-0566-4FD8-8101-45DAA1777957}.Release|Any CPU.Build.0 = Release|Any CPU
	EndGlobalSection
	GlobalSection(SolutionProperties) = preSolution
		HideSolutionNode = FALSE
	EndGlobalSection
	GlobalSection(ExtensibilityGlobals) = postSolution
		SolutionGuid = {47ACCC4F-C867-47AD-84DA-FB3163FE04D7}
	EndGlobalSection
EndGlobal
